{
  "originHash" : "ddb94e3b3afdf5ee67c21a827f1dbd26b7c3a642a940a824d180d0926d47cf7b",
  "pins" : [
    {
      "identity" : "alerttoast",
      "kind" : "remoteSourceControl",
      "location" : "https://github.com/elai950/AlertToast.git",
      "state" : {
        "branch" : "master",
        "revision" : "76a1c1793cd3443001c20c6033beb84453b25d9f"
      }
    }
  ],
  "version" : 3
}
