// !$*UTF8*$!
{
	archiveVersion = 1;
	classes = {
	};
	objectVersion = 70;
	objects = {

/* Begin PBXBuildFile section */
		F60FAB742CE8D40A00ECAC53 /* AlertToast in Frameworks */ = {isa = PBXBuildFile; productRef = F60FAB732CE8D40A00ECAC53 /* AlertToast */; };
		F60FAB872CEA108A00ECAC53 /* SidebarConfig.swift in Sources */ = {isa = PBXBuildFile; fileRef = F60FAB862CEA108A00ECAC53 /* SidebarConfig.swift */; };
		F64927372CF9EA8D00C34D90 /* com.github.macadmins.SupportCompanion.helper in CopyFiles */ = {isa = PBXBuildFile; fileRef = F6F8AE7D2CE345A8009B0A1F /* com.github.macadmins.SupportCompanion.helper */; settings = {ATTRIBUTES = (CodeSignOnCopy, ); }; };
		F6890EEB2CFF326D00244985 /* SupportCompanionCLI in CopyFiles */ = {isa = PBXBuildFile; fileRef = F6890EE22CFF308F00244985 /* SupportCompanionCLI */; settings = {ATTRIBUTES = (CodeSignOnCopy, ); }; };
		F6890EEC2CFF330D00244985 /* Preferences.swift in Sources */ = {isa = PBXBuildFile; fileRef = F6E4D1D42CE4CE1E003EB8C0 /* Preferences.swift */; };
		F6890EED2CFF331400244985 /* Constants.swift in Sources */ = {isa = PBXBuildFile; fileRef = F6A4E0F62CEC9DFC002B4D74 /* Constants.swift */; };
		F6A4E0F72CEC9DFC002B4D74 /* Constants.swift in Sources */ = {isa = PBXBuildFile; fileRef = F6A4E0F62CEC9DFC002B4D74 /* Constants.swift */; };
		F6A4E0F82CEC9DFC002B4D74 /* Constants.swift in Sources */ = {isa = PBXBuildFile; fileRef = F6A4E0F62CEC9DFC002B4D74 /* Constants.swift */; };
		F6A4E0FA2CEC9FFB002B4D74 /* Localizable.xcstrings in Resources */ = {isa = PBXBuildFile; fileRef = F6A4E0F92CEC9FFB002B4D74 /* Localizable.xcstrings */; };
		F6E4D1D52CE4CE1E003EB8C0 /* Preferences.swift in Sources */ = {isa = PBXBuildFile; fileRef = F6E4D1D42CE4CE1E003EB8C0 /* Preferences.swift */; };
		F6E4D26F2CE65D12003EB8C0 /* AppDelegate.swift in Sources */ = {isa = PBXBuildFile; fileRef = F6E4D26E2CE65D12003EB8C0 /* AppDelegate.swift */; };
		F6F3BEBD2CE1E7BA0036ADB9 /* SupportCompanion.swift in Sources */ = {isa = PBXBuildFile; fileRef = F6F3BEBC2CE1E7BA0036ADB9 /* SupportCompanion.swift */; };
		F6F3BEBF2CE1E7BA0036ADB9 /* ContentView.swift in Sources */ = {isa = PBXBuildFile; fileRef = F6F3BEBE2CE1E7BA0036ADB9 /* ContentView.swift */; };
		F6F3BEC12CE1E7BB0036ADB9 /* Assets.xcassets in Resources */ = {isa = PBXBuildFile; fileRef = F6F3BEC02CE1E7BB0036ADB9 /* Assets.xcassets */; };
		F6F8AE962CE34B81009B0A1F /* SupportCompanionErrors.swift in Sources */ = {isa = PBXBuildFile; fileRef = F6F8AE952CE34B81009B0A1F /* SupportCompanionErrors.swift */; };
		F6F8AE972CE34B81009B0A1F /* SupportCompanionErrors.swift in Sources */ = {isa = PBXBuildFile; fileRef = F6F8AE952CE34B81009B0A1F /* SupportCompanionErrors.swift */; };
		F6F8AE9D2CE34E54009B0A1F /* ExecutionService.swift in Sources */ = {isa = PBXBuildFile; fileRef = F6F8AE9C2CE34E54009B0A1F /* ExecutionService.swift */; };
		F6F8AE9F2CE34E72009B0A1F /* HelperRemoteProvider.swift in Sources */ = {isa = PBXBuildFile; fileRef = F6F8AE9E2CE34E72009B0A1F /* HelperRemoteProvider.swift */; };
/* End PBXBuildFile section */

/* Begin PBXCopyFilesBuildPhase section */
		F63587542CE22B6000AC5F98 /* CopyFiles */ = {
			isa = PBXCopyFilesBuildPhase;
			buildActionMask = 12;
			dstPath = Contents/Library/LaunchServices;
			dstSubfolderSpec = 1;
			files = (
				F64927372CF9EA8D00C34D90 /* com.github.macadmins.SupportCompanion.helper in CopyFiles */,
			);
			runOnlyForDeploymentPostprocessing = 0;
		};
		F6890EE02CFF308F00244985 /* CopyFiles */ = {
			isa = PBXCopyFilesBuildPhase;
			buildActionMask = 2147483647;
			dstPath = /usr/share/man/man1/;
			dstSubfolderSpec = 0;
			files = (
			);
			runOnlyForDeploymentPostprocessing = 1;
		};
		F6890EEA2CFF326600244985 /* CopyFiles */ = {
			isa = PBXCopyFilesBuildPhase;
			buildActionMask = 2147483647;
			dstPath = "";
			dstSubfolderSpec = 7;
			files = (
				F6890EEB2CFF326D00244985 /* SupportCompanionCLI in CopyFiles */,
			);
			runOnlyForDeploymentPostprocessing = 0;
		};
		F6F8AE7B2CE345A8009B0A1F /* CopyFiles */ = {
			isa = PBXCopyFilesBuildPhase;
			buildActionMask = 2147483647;
			dstPath = /usr/share/man/man1/;
			dstSubfolderSpec = 0;
			files = (
			);
			runOnlyForDeploymentPostprocessing = 1;
		};
/* End PBXCopyFilesBuildPhase section */

/* Begin PBXFileReference section */
		F60FAB862CEA108A00ECAC53 /* SidebarConfig.swift */ = {isa = PBXFileReference; lastKnownFileType = sourcecode.swift; path = SidebarConfig.swift; sourceTree = "<group>"; };
		F649273D2CF9FFD600C34D90 /* CHANGELOG.md */ = {isa = PBXFileReference; lastKnownFileType = net.daringfireball.markdown; path = CHANGELOG.md; sourceTree = "<group>"; };
		F64928192CFA02AD00C34D90 /* README.md */ = {isa = PBXFileReference; lastKnownFileType = net.daringfireball.markdown; path = README.md; sourceTree = "<group>"; };
		F6890EE22CFF308F00244985 /* SupportCompanionCLI */ = {isa = PBXFileReference; explicitFileType = "compiled.mach-o.executable"; includeInIndex = 0; path = SupportCompanionCLI; sourceTree = BUILT_PRODUCTS_DIR; };
		F69455982CF6076100B887F8 /* build.zsh */ = {isa = PBXFileReference; lastKnownFileType = text.script.sh; path = build.zsh; sourceTree = "<group>"; };
		F6A4E0F62CEC9DFC002B4D74 /* Constants.swift */ = {isa = PBXFileReference; lastKnownFileType = sourcecode.swift; path = Constants.swift; sourceTree = "<group>"; };
		F6A4E0F92CEC9FFB002B4D74 /* Localizable.xcstrings */ = {isa = PBXFileReference; lastKnownFileType = text.json.xcstrings; path = Localizable.xcstrings; sourceTree = "<group>"; };
		F6E4D1D42CE4CE1E003EB8C0 /* Preferences.swift */ = {isa = PBXFileReference; lastKnownFileType = sourcecode.swift; path = Preferences.swift; sourceTree = "<group>"; };
		F6E4D26E2CE65D12003EB8C0 /* AppDelegate.swift */ = {isa = PBXFileReference; lastKnownFileType = sourcecode.swift; path = AppDelegate.swift; sourceTree = "<group>"; };
		F6F3BEB92CE1E7BA0036ADB9 /* SupportCompanion.app */ = {isa = PBXFileReference; explicitFileType = wrapper.application; includeInIndex = 0; path = SupportCompanion.app; sourceTree = BUILT_PRODUCTS_DIR; };
		F6F3BEBC2CE1E7BA0036ADB9 /* SupportCompanion.swift */ = {isa = PBXFileReference; lastKnownFileType = sourcecode.swift; path = SupportCompanion.swift; sourceTree = "<group>"; };
		F6F3BEBE2CE1E7BA0036ADB9 /* ContentView.swift */ = {isa = PBXFileReference; lastKnownFileType = sourcecode.swift; path = ContentView.swift; sourceTree = "<group>"; };
		F6F3BEC02CE1E7BB0036ADB9 /* Assets.xcassets */ = {isa = PBXFileReference; lastKnownFileType = folder.assetcatalog; path = Assets.xcassets; sourceTree = "<group>"; };
		F6F3BEC32CE1E7BB0036ADB9 /* Preview Assets.xcassets */ = {isa = PBXFileReference; lastKnownFileType = folder.assetcatalog; path = "Preview Assets.xcassets"; sourceTree = "<group>"; };
		F6F3BEC52CE1E7BB0036ADB9 /* SupportCompanion.entitlements */ = {isa = PBXFileReference; lastKnownFileType = text.plist.entitlements; path = SupportCompanion.entitlements; sourceTree = "<group>"; };
		F6F8AE772CE342AF009B0A1F /* Info.plist */ = {isa = PBXFileReference; lastKnownFileType = text.plist.xml; path = Info.plist; sourceTree = "<group>"; };
		F6F8AE7D2CE345A8009B0A1F /* com.github.macadmins.SupportCompanion.helper */ = {isa = PBXFileReference; explicitFileType = "compiled.mach-o.executable"; includeInIndex = 0; path = com.github.macadmins.SupportCompanion.helper; sourceTree = BUILT_PRODUCTS_DIR; };
		F6F8AE952CE34B81009B0A1F /* SupportCompanionErrors.swift */ = {isa = PBXFileReference; lastKnownFileType = sourcecode.swift; path = SupportCompanionErrors.swift; sourceTree = "<group>"; };
		F6F8AE9C2CE34E54009B0A1F /* ExecutionService.swift */ = {isa = PBXFileReference; lastKnownFileType = sourcecode.swift; path = ExecutionService.swift; sourceTree = "<group>"; };
		F6F8AE9E2CE34E72009B0A1F /* HelperRemoteProvider.swift */ = {isa = PBXFileReference; lastKnownFileType = sourcecode.swift; path = HelperRemoteProvider.swift; sourceTree = "<group>"; };
/* End PBXFileReference section */

/* Begin PBXFileSystemSynchronizedBuildFileExceptionSet section */
		F64927362CF9D3FE00C34D90 /* PBXFileSystemSynchronizedBuildFileExceptionSet */ = {
			isa = PBXFileSystemSynchronizedBuildFileExceptionSet;
			membershipExceptions = (
				payload/com.github.macadmins.SupportCompanion.agent.plist,
				scripts/postinstall,
			);
			target = F6F3BEB82CE1E7BA0036ADB9 /* SupportCompanion */;
		};
		F649281B2CFA02BC00C34D90 /* PBXFileSystemSynchronizedBuildFileExceptionSet */ = {
			isa = PBXFileSystemSynchronizedBuildFileExceptionSet;
			membershipExceptions = (
				FUNDING.yml,
				workflows/build_supportcompanion_manual.yml,
				workflows/build_supportcompanion_prerelease.yml,
				workflows/build_supportcompanion.yml,
			);
			target = F6F8AE7C2CE345A8009B0A1F /* com.github.macadmins.SupportCompanion.helper */;
		};
		F649281C2CFA02C000C34D90 /* PBXFileSystemSynchronizedBuildFileExceptionSet */ = {
			isa = PBXFileSystemSynchronizedBuildFileExceptionSet;
			membershipExceptions = (
				Info.plist,
				Launchd.plist,
			);
			target = F6F8AE7C2CE345A8009B0A1F /* com.github.macadmins.SupportCompanion.helper */;
		};
		F6890EEF2CFF332200244985 /* PBXFileSystemSynchronizedBuildFileExceptionSet */ = {
			isa = PBXFileSystemSynchronizedBuildFileExceptionSet;
			membershipExceptions = (
				Action.swift,
			);
			target = F6890EE12CFF308F00244985 /* SupportCompanionCLI */;
		};
		F6890EF12CFF333C00244985 /* PBXFileSystemSynchronizedBuildFileExceptionSet */ = {
			isa = PBXFileSystemSynchronizedBuildFileExceptionSet;
			membershipExceptions = (
				Logger.swift,
			);
			target = F6890EE12CFF308F00244985 /* SupportCompanionCLI */;
		};
		F68910C62D009DB500244985 /* PBXFileSystemSynchronizedBuildFileExceptionSet */ = {
			isa = PBXFileSystemSynchronizedBuildFileExceptionSet;
			membershipExceptions = (
				MenuIcon.png,
			);
			target = F6F3BEB82CE1E7BA0036ADB9 /* SupportCompanion */;
		};
		F69455C82CF7521A00B887F8 /* PBXFileSystemSynchronizedBuildFileExceptionSet */ = {
			isa = PBXFileSystemSynchronizedBuildFileExceptionSet;
			membershipExceptions = (
				export.plist,
				payload/Library/LaunchDaemons/com.github.macadmins.SupportCompanion.helper.plist,
				scripts/postinstall,
				scripts/preinstall,
			);
			target = F6F3BEB82CE1E7BA0036ADB9 /* SupportCompanion */;
		};
		F6A4E0E32CEBD770002B4D74 /* PBXFileSystemSynchronizedBuildFileExceptionSet */ = {
			isa = PBXFileSystemSynchronizedBuildFileExceptionSet;
			membershipExceptions = (
				Logger.swift,
			);
			target = F6F8AE7C2CE345A8009B0A1F /* com.github.macadmins.SupportCompanion.helper */;
		};
		F6A4E0E52CEBD7D8002B4D74 /* PBXFileSystemSynchronizedBuildFileExceptionSet */ = {
			isa = PBXFileSystemSynchronizedBuildFileExceptionSet;
			membershipExceptions = (
				ApplicationsInfoManager.swift,
				AppStateManager.swift,
				BatteryInfoManager.swift,
				CardGridViewModel.swift,
				DeviceInfoManager.swift,
				EvergreenInfoManager.swift,
				IdentityViewModel.swift,
				JsonCardManager.swift,
				MDMInfoManager.swift,
				PendingIntuneUpdatesManager.swift,
				PendingMunkiUpdatesManager.swift,
				SSOInfoManager.swift,
				StorageInfoManager.swift,
				SystemUpdatesManager.swift,
				UserInfoManager.swift,
			);
			target = F6F3BEB82CE1E7BA0036ADB9 /* SupportCompanion */;
		};
		F6A4E0E82CEBD7F8002B4D74 /* PBXFileSystemSynchronizedBuildFileExceptionSet */ = {
			isa = PBXFileSystemSynchronizedBuildFileExceptionSet;
			membershipExceptions = (
				HelperConstans.swift,
				HelperProtocol.swift,
				"OSStatus+Extensions.swift",
				RemoteApplicationProtocol.swift,
			);
			target = F6F3BEB82CE1E7BA0036ADB9 /* SupportCompanion */;
		};
/* End PBXFileSystemSynchronizedBuildFileExceptionSet section */

/* Begin PBXFileSystemSynchronizedRootGroup section */
		F60FAB792CE94CC000ECAC53 /* Assets */ = {isa = PBXFileSystemSynchronizedRootGroup; exceptions = (F68910C62D009DB500244985 /* PBXFileSystemSynchronizedBuildFileExceptionSet */, ); explicitFileTypes = {}; explicitFolders = (); path = Assets; sourceTree = "<group>"; };
		F635873C2CE2094400AC5F98 /* Views */ = {isa = PBXFileSystemSynchronizedRootGroup; explicitFileTypes = {}; explicitFolders = (); path = Views; sourceTree = "<group>"; };
		F64927222CF9AA0400C34D90 /* LaunchAgent */ = {isa = PBXFileSystemSynchronizedRootGroup; exceptions = (F64927362CF9D3FE00C34D90 /* PBXFileSystemSynchronizedBuildFileExceptionSet */, ); explicitFileTypes = {}; explicitFolders = (); path = LaunchAgent; sourceTree = "<group>"; };
		F64927382CF9FF4300C34D90 /* .github */ = {isa = PBXFileSystemSynchronizedRootGroup; exceptions = (F649281B2CFA02BC00C34D90 /* PBXFileSystemSynchronizedBuildFileExceptionSet */, ); explicitFileTypes = {}; explicitFolders = (); path = .github; sourceTree = "<group>"; };
		F6890EE32CFF308F00244985 /* SupportCompanionCLI */ = {isa = PBXFileSystemSynchronizedRootGroup; explicitFileTypes = {}; explicitFolders = (); path = SupportCompanionCLI; sourceTree = "<group>"; };
		F69455822CF5A6D300B887F8 /* Protocols */ = {isa = PBXFileSystemSynchronizedRootGroup; explicitFileTypes = {}; explicitFolders = (); path = Protocols; sourceTree = "<group>"; };
		F69455882CF603A600B887F8 /* Scripts */ = {isa = PBXFileSystemSynchronizedRootGroup; explicitFileTypes = {}; explicitFolders = (); path = Scripts; sourceTree = "<group>"; };
		F694558E2CF6050C00B887F8 /* pkgbuild */ = {isa = PBXFileSystemSynchronizedRootGroup; exceptions = (F69455C82CF7521A00B887F8 /* PBXFileSystemSynchronizedBuildFileExceptionSet */, ); explicitFileTypes = {}; explicitFolders = (); path = pkgbuild; sourceTree = "<group>"; };
		F6A4E0F32CEC752C002B4D74 /* Services */ = {isa = PBXFileSystemSynchronizedRootGroup; explicitFileTypes = {}; explicitFolders = (); path = Services; sourceTree = "<group>"; };
		F6E4D2032CE5DF67003EB8C0 /* Extensions */ = {isa = PBXFileSystemSynchronizedRootGroup; explicitFileTypes = {}; explicitFolders = (); path = Extensions; sourceTree = "<group>"; };
		F6E4D2662CE64E62003EB8C0 /* Controllers */ = {isa = PBXFileSystemSynchronizedRootGroup; explicitFileTypes = {}; explicitFolders = (); path = Controllers; sourceTree = "<group>"; };
		F6E4D26B2CE6576B003EB8C0 /* Helpers */ = {isa = PBXFileSystemSynchronizedRootGroup; exceptions = (F6A4E0E32CEBD770002B4D74 /* PBXFileSystemSynchronizedBuildFileExceptionSet */, F6890EF12CFF333C00244985 /* PBXFileSystemSynchronizedBuildFileExceptionSet */, ); explicitFileTypes = {}; explicitFolders = (); path = Helpers; sourceTree = "<group>"; };
		F6E4D2812CE78164003EB8C0 /* Utilities */ = {isa = PBXFileSystemSynchronizedRootGroup; explicitFileTypes = {}; explicitFolders = (); path = Utilities; sourceTree = "<group>"; };
		F6E4D2842CE781B9003EB8C0 /* Components */ = {isa = PBXFileSystemSynchronizedRootGroup; explicitFileTypes = {}; explicitFolders = (); path = Components; sourceTree = "<group>"; };
		F6E72E642CE3DEC300D78336 /* Models */ = {isa = PBXFileSystemSynchronizedRootGroup; exceptions = (F6890EEF2CFF332200244985 /* PBXFileSystemSynchronizedBuildFileExceptionSet */, ); explicitFileTypes = {}; explicitFolders = (); path = Models; sourceTree = "<group>"; };
		F6EB39E72CE1EE2800517FCD /* ViewModels */ = {isa = PBXFileSystemSynchronizedRootGroup; exceptions = (F6A4E0E52CEBD7D8002B4D74 /* PBXFileSystemSynchronizedBuildFileExceptionSet */, ); explicitFileTypes = {}; explicitFolders = (); path = ViewModels; sourceTree = "<group>"; };
		F6F8AE7E2CE345A8009B0A1F /* Helper */ = {isa = PBXFileSystemSynchronizedRootGroup; exceptions = (F6A4E0E82CEBD7F8002B4D74 /* PBXFileSystemSynchronizedBuildFileExceptionSet */, F649281C2CFA02C000C34D90 /* PBXFileSystemSynchronizedBuildFileExceptionSet */, ); explicitFileTypes = {}; explicitFolders = (); path = Helper; sourceTree = "<group>"; };
/* End PBXFileSystemSynchronizedRootGroup section */

/* Begin PBXFrameworksBuildPhase section */
		F6890EDF2CFF308F00244985 /* Frameworks */ = {
			isa = PBXFrameworksBuildPhase;
			buildActionMask = 2147483647;
			files = (
			);
			runOnlyForDeploymentPostprocessing = 0;
		};
		F6F3BEB62CE1E7BA0036ADB9 /* Frameworks */ = {
			isa = PBXFrameworksBuildPhase;
			buildActionMask = 2147483647;
			files = (
				F60FAB742CE8D40A00ECAC53 /* AlertToast in Frameworks */,
			);
			runOnlyForDeploymentPostprocessing = 0;
		};
		F6F8AE7A2CE345A8009B0A1F /* Frameworks */ = {
			isa = PBXFrameworksBuildPhase;
			buildActionMask = 2147483647;
			files = (
			);
			runOnlyForDeploymentPostprocessing = 0;
		};
/* End PBXFrameworksBuildPhase section */

/* Begin PBXGroup section */
		F60ED7952CEB278400960264 /* Frameworks */ = {
			isa = PBXGroup;
			children = (
			);
			name = Frameworks;
			sourceTree = "<group>";
		};
		F6F3BEB02CE1E7BA0036ADB9 = {
			isa = PBXGroup;
			children = (
				F64928192CFA02AD00C34D90 /* README.md */,
				F649273D2CF9FFD600C34D90 /* CHANGELOG.md */,
				F64927382CF9FF4300C34D90 /* .github */,
				F6F3BEBB2CE1E7BA0036ADB9 /* SupportCompanion */,
				F6F8AE7E2CE345A8009B0A1F /* Helper */,
				F6890EE32CFF308F00244985 /* SupportCompanionCLI */,
				F60ED7952CEB278400960264 /* Frameworks */,
				F6F3BEBA2CE1E7BA0036ADB9 /* Products */,
				F69455982CF6076100B887F8 /* build.zsh */,
			);
			sourceTree = "<group>";
		};
		F6F3BEBA2CE1E7BA0036ADB9 /* Products */ = {
			isa = PBXGroup;
			children = (
				F6F3BEB92CE1E7BA0036ADB9 /* SupportCompanion.app */,
				F6F8AE7D2CE345A8009B0A1F /* com.github.macadmins.SupportCompanion.helper */,
				F6890EE22CFF308F00244985 /* SupportCompanionCLI */,
			);
			name = Products;
			sourceTree = "<group>";
		};
		F6F3BEBB2CE1E7BA0036ADB9 /* SupportCompanion */ = {
			isa = PBXGroup;
			children = (
				F694558E2CF6050C00B887F8 /* pkgbuild */,
				F69455882CF603A600B887F8 /* Scripts */,
				F69455822CF5A6D300B887F8 /* Protocols */,
				F6A4E0F32CEC752C002B4D74 /* Services */,
				F60FAB792CE94CC000ECAC53 /* Assets */,
				F6E4D2842CE781B9003EB8C0 /* Components */,
				F6E4D2812CE78164003EB8C0 /* Utilities */,
				F6E4D26B2CE6576B003EB8C0 /* Helpers */,
				F6E4D2662CE64E62003EB8C0 /* Controllers */,
				F6E4D2032CE5DF67003EB8C0 /* Extensions */,
				F6E72E642CE3DEC300D78336 /* Models */,
				F635873C2CE2094400AC5F98 /* Views */,
				F6EB39E72CE1EE2800517FCD /* ViewModels */,
				F6F3BEBC2CE1E7BA0036ADB9 /* SupportCompanion.swift */,
				F6F3BEBE2CE1E7BA0036ADB9 /* ContentView.swift */,
				F6F3BEC02CE1E7BB0036ADB9 /* Assets.xcassets */,
				F6F3BEC52CE1E7BB0036ADB9 /* SupportCompanion.entitlements */,
				F6F3BEC22CE1E7BB0036ADB9 /* Preview Content */,
				F6F8AE772CE342AF009B0A1F /* Info.plist */,
				F6F8AE952CE34B81009B0A1F /* SupportCompanionErrors.swift */,
				F6F8AE9C2CE34E54009B0A1F /* ExecutionService.swift */,
				F6F8AE9E2CE34E72009B0A1F /* HelperRemoteProvider.swift */,
				F6E4D1D42CE4CE1E003EB8C0 /* Preferences.swift */,
				F6E4D26E2CE65D12003EB8C0 /* AppDelegate.swift */,
				F60FAB862CEA108A00ECAC53 /* SidebarConfig.swift */,
				F6A4E0F62CEC9DFC002B4D74 /* Constants.swift */,
				F6A4E0F92CEC9FFB002B4D74 /* Localizable.xcstrings */,
				F64927222CF9AA0400C34D90 /* LaunchAgent */,
			);
			path = SupportCompanion;
			sourceTree = "<group>";
		};
		F6F3BEC22CE1E7BB0036ADB9 /* Preview Content */ = {
			isa = PBXGroup;
			children = (
				F6F3BEC32CE1E7BB0036ADB9 /* Preview Assets.xcassets */,
			);
			path = "Preview Content";
			sourceTree = "<group>";
		};
/* End PBXGroup section */

/* Begin PBXNativeTarget section */
		F6890EE12CFF308F00244985 /* SupportCompanionCLI */ = {
			isa = PBXNativeTarget;
			buildConfigurationList = F6890EE62CFF308F00244985 /* Build configuration list for PBXNativeTarget "SupportCompanionCLI" */;
			buildPhases = (
				F6890EDE2CFF308F00244985 /* Sources */,
				F6890EDF2CFF308F00244985 /* Frameworks */,
				F6890EE02CFF308F00244985 /* CopyFiles */,
			);
			buildRules = (
			);
			dependencies = (
			);
			fileSystemSynchronizedGroups = (
				F6890EE32CFF308F00244985 /* SupportCompanionCLI */,
			);
			name = SupportCompanionCLI;
			packageProductDependencies = (
			);
			productName = SupportCompanionCLI;
			productReference = F6890EE22CFF308F00244985 /* SupportCompanionCLI */;
			productType = "com.apple.product-type.tool";
		};
		F6F3BEB82CE1E7BA0036ADB9 /* SupportCompanion */ = {
			isa = PBXNativeTarget;
			buildConfigurationList = F6F3BEDE2CE1E7BB0036ADB9 /* Build configuration list for PBXNativeTarget "SupportCompanion" */;
			buildPhases = (
				F6F3BEB52CE1E7BA0036ADB9 /* Sources */,
				F6F3BEB62CE1E7BA0036ADB9 /* Frameworks */,
				F6F3BEB72CE1E7BA0036ADB9 /* Resources */,
				F63587542CE22B6000AC5F98 /* CopyFiles */,
				F6890EEA2CFF326600244985 /* CopyFiles */,
			);
			buildRules = (
			);
			dependencies = (
			);
			fileSystemSynchronizedGroups = (
				F60FAB792CE94CC000ECAC53 /* Assets */,
				F635873C2CE2094400AC5F98 /* Views */,
				F64927222CF9AA0400C34D90 /* LaunchAgent */,
				F69455822CF5A6D300B887F8 /* Protocols */,
				F69455882CF603A600B887F8 /* Scripts */,
				F694558E2CF6050C00B887F8 /* pkgbuild */,
				F6A4E0F32CEC752C002B4D74 /* Services */,
				F6E4D2032CE5DF67003EB8C0 /* Extensions */,
				F6E4D2662CE64E62003EB8C0 /* Controllers */,
				F6E4D26B2CE6576B003EB8C0 /* Helpers */,
				F6E4D2812CE78164003EB8C0 /* Utilities */,
				F6E4D2842CE781B9003EB8C0 /* Components */,
				F6E72E642CE3DEC300D78336 /* Models */,
			);
			name = SupportCompanion;
			productName = FirstApp;
			productReference = F6F3BEB92CE1E7BA0036ADB9 /* SupportCompanion.app */;
			productType = "com.apple.product-type.application";
		};
		F6F8AE7C2CE345A8009B0A1F /* com.github.macadmins.SupportCompanion.helper */ = {
			isa = PBXNativeTarget;
			buildConfigurationList = F6F8AE812CE345A8009B0A1F /* Build configuration list for PBXNativeTarget "com.github.macadmins.SupportCompanion.helper" */;
			buildPhases = (
				F6F8AE792CE345A8009B0A1F /* Sources */,
				F6F8AE7A2CE345A8009B0A1F /* Frameworks */,
				F6F8AE7B2CE345A8009B0A1F /* CopyFiles */,
				F6B8C9222CE35E2400E98B36 /* Resources */,
			);
			buildRules = (
			);
			dependencies = (
			);
			fileSystemSynchronizedGroups = (
				F64927382CF9FF4300C34D90 /* .github */,
				F6F8AE7E2CE345A8009B0A1F /* Helper */,
			);
			name = com.github.macadmins.SupportCompanion.helper;
			packageProductDependencies = (
			);
			productName = Helper;
			productReference = F6F8AE7D2CE345A8009B0A1F /* com.github.macadmins.SupportCompanion.helper */;
			productType = "com.apple.product-type.tool";
		};
/* End PBXNativeTarget section */

/* Begin PBXProject section */
		F6F3BEB12CE1E7BA0036ADB9 /* Project object */ = {
			isa = PBXProject;
			attributes = {
				BuildIndependentTargetsInParallel = 1;
				LastSwiftUpdateCheck = 1610;
				LastUpgradeCheck = 1600;
				TargetAttributes = {
					F6890EE12CFF308F00244985 = {
						CreatedOnToolsVersion = 16.1;
					};
					F6F3BEB82CE1E7BA0036ADB9 = {
						CreatedOnToolsVersion = 16.0;
					};
					F6F8AE7C2CE345A8009B0A1F = {
						CreatedOnToolsVersion = 16.1;
					};
				};
			};
			buildConfigurationList = F6F3BEB42CE1E7BA0036ADB9 /* Build configuration list for PBXProject "SupportCompanion" */;
			compatibilityVersion = "Xcode 15.0";
			developmentRegion = en;
			hasScannedForEncodings = 0;
			knownRegions = (
				en,
				Base,
				sv,
				de,
				fr,
				nb,
				ja,
			);
			mainGroup = F6F3BEB02CE1E7BA0036ADB9;
			packageReferences = (
				F60FAB722CE8D40A00ECAC53 /* XCRemoteSwiftPackageReference "AlertToast" */,
			);
			productRefGroup = F6F3BEBA2CE1E7BA0036ADB9 /* Products */;
			projectDirPath = "";
			projectRoot = "";
			targets = (
				F6F3BEB82CE1E7BA0036ADB9 /* SupportCompanion */,
				F6F8AE7C2CE345A8009B0A1F /* com.github.macadmins.SupportCompanion.helper */,
				F6890EE12CFF308F00244985 /* SupportCompanionCLI */,
			);
		};
/* End PBXProject section */

/* Begin PBXResourcesBuildPhase section */
		F6B8C9222CE35E2400E98B36 /* Resources */ = {
			isa = PBXResourcesBuildPhase;
			buildActionMask = 2147483647;
			files = (
			);
			runOnlyForDeploymentPostprocessing = 0;
		};
		F6F3BEB72CE1E7BA0036ADB9 /* Resources */ = {
			isa = PBXResourcesBuildPhase;
			buildActionMask = 2147483647;
			files = (
				F6F3BEC12CE1E7BB0036ADB9 /* Assets.xcassets in Resources */,
				F6A4E0FA2CEC9FFB002B4D74 /* Localizable.xcstrings in Resources */,
			);
			runOnlyForDeploymentPostprocessing = 0;
		};
/* End PBXResourcesBuildPhase section */

/* Begin PBXSourcesBuildPhase section */
		F6890EDE2CFF308F00244985 /* Sources */ = {
			isa = PBXSourcesBuildPhase;
			buildActionMask = 2147483647;
			files = (
				F6890EEC2CFF330D00244985 /* Preferences.swift in Sources */,
				F6890EED2CFF331400244985 /* Constants.swift in Sources */,
			);
			runOnlyForDeploymentPostprocessing = 0;
		};
		F6F3BEB52CE1E7BA0036ADB9 /* Sources */ = {
			isa = PBXSourcesBuildPhase;
			buildActionMask = 2147483647;
			files = (
				F60FAB872CEA108A00ECAC53 /* SidebarConfig.swift in Sources */,
				F6F8AE9F2CE34E72009B0A1F /* HelperRemoteProvider.swift in Sources */,
				F6F3BEBF2CE1E7BA0036ADB9 /* ContentView.swift in Sources */,
				F6F3BEBD2CE1E7BA0036ADB9 /* SupportCompanion.swift in Sources */,
				F6E4D26F2CE65D12003EB8C0 /* AppDelegate.swift in Sources */,
				F6F8AE962CE34B81009B0A1F /* SupportCompanionErrors.swift in Sources */,
				F6F8AE9D2CE34E54009B0A1F /* ExecutionService.swift in Sources */,
				F6E4D1D52CE4CE1E003EB8C0 /* Preferences.swift in Sources */,
				F6A4E0F82CEC9DFC002B4D74 /* Constants.swift in Sources */,
			);
			runOnlyForDeploymentPostprocessing = 0;
		};
		F6F8AE792CE345A8009B0A1F /* Sources */ = {
			isa = PBXSourcesBuildPhase;
			buildActionMask = 2147483647;
			files = (
				F6A4E0F72CEC9DFC002B4D74 /* Constants.swift in Sources */,
				F6F8AE972CE34B81009B0A1F /* SupportCompanionErrors.swift in Sources */,
			);
			runOnlyForDeploymentPostprocessing = 0;
		};
/* End PBXSourcesBuildPhase section */

/* Begin XCBuildConfiguration section */
		F6890EE72CFF308F00244985 /* Debug */ = {
			isa = XCBuildConfiguration;
			buildSettings = {
				"CODE_SIGN_IDENTITY[sdk=macosx*]" = "Developer ID Application";
				CODE_SIGN_STYLE = Manual;
				DEVELOPMENT_TEAM = "";
				"DEVELOPMENT_TEAM[sdk=macosx*]" = H92SB6Z7S4;
				MACOSX_DEPLOYMENT_TARGET = 15.1;
				PRODUCT_BUNDLE_IDENTIFIER = com.github.macadmins.SupportCompanion.CLI;
				PRODUCT_NAME = "$(TARGET_NAME)";
				PROVISIONING_PROFILE_SPECIFIER = "";
				SWIFT_VERSION = 5.0;
			};
			name = Debug;
		};
		F6890EE82CFF308F00244985 /* Release */ = {
			isa = XCBuildConfiguration;
			buildSettings = {
				"CODE_SIGN_IDENTITY[sdk=macosx*]" = "Developer ID Application";
				CODE_SIGN_STYLE = Manual;
				DEVELOPMENT_TEAM = "";
				"DEVELOPMENT_TEAM[sdk=macosx*]" = H92SB6Z7S4;
				MACOSX_DEPLOYMENT_TARGET = 15.1;
				PRODUCT_BUNDLE_IDENTIFIER = com.github.macadmins.SupportCompanion.CLI;
				PRODUCT_NAME = "$(TARGET_NAME)";
				PROVISIONING_PROFILE_SPECIFIER = "";
				SWIFT_VERSION = 5.0;
			};
			name = Release;
		};
		F6F3BEDC2CE1E7BB0036ADB9 /* Debug */ = {
			isa = XCBuildConfiguration;
			buildSettings = {
				ALWAYS_SEARCH_USER_PATHS = NO;
				ASSETCATALOG_COMPILER_GENERATE_SWIFT_ASSET_SYMBOL_EXTENSIONS = YES;
				CLANG_ANALYZER_NONNULL = YES;
				CLANG_ANALYZER_NUMBER_OBJECT_CONVERSION = YES_AGGRESSIVE;
				CLANG_CXX_LANGUAGE_STANDARD = "gnu++20";
				CLANG_ENABLE_MODULES = YES;
				CLANG_ENABLE_OBJC_ARC = YES;
				CLANG_ENABLE_OBJC_WEAK = YES;
				CLANG_WARN_BLOCK_CAPTURE_AUTORELEASING = YES;
				CLANG_WARN_BOOL_CONVERSION = YES;
				CLANG_WARN_COMMA = YES;
				CLANG_WARN_CONSTANT_CONVERSION = YES;
				CLANG_WARN_DEPRECATED_OBJC_IMPLEMENTATIONS = YES;
				CLANG_WARN_DIRECT_OBJC_ISA_USAGE = YES_ERROR;
				CLANG_WARN_DOCUMENTATION_COMMENTS = YES;
				CLANG_WARN_EMPTY_BODY = YES;
				CLANG_WARN_ENUM_CONVERSION = YES;
				CLANG_WARN_INFINITE_RECURSION = YES;
				CLANG_WARN_INT_CONVERSION = YES;
				CLANG_WARN_NON_LITERAL_NULL_CONVERSION = YES;
				CLANG_WARN_OBJC_IMPLICIT_RETAIN_SELF = YES;
				CLANG_WARN_OBJC_LITERAL_CONVERSION = YES;
				CLANG_WARN_OBJC_ROOT_CLASS = YES_ERROR;
				CLANG_WARN_QUOTED_INCLUDE_IN_FRAMEWORK_HEADER = YES;
				CLANG_WARN_RANGE_LOOP_ANALYSIS = YES;
				CLANG_WARN_STRICT_PROTOTYPES = YES;
				CLANG_WARN_SUSPICIOUS_MOVE = YES;
				CLANG_WARN_UNGUARDED_AVAILABILITY = YES_AGGRESSIVE;
				CLANG_WARN_UNREACHABLE_CODE = YES;
				CLANG_WARN__DUPLICATE_METHOD_MATCH = YES;
				COPY_PHASE_STRIP = NO;
				DEBUG_INFORMATION_FORMAT = dwarf;
				ENABLE_STRICT_OBJC_MSGSEND = YES;
				ENABLE_TESTABILITY = YES;
				ENABLE_USER_SCRIPT_SANDBOXING = YES;
				GCC_C_LANGUAGE_STANDARD = gnu17;
				GCC_DYNAMIC_NO_PIC = NO;
				GCC_NO_COMMON_BLOCKS = YES;
				GCC_OPTIMIZATION_LEVEL = 0;
				GCC_PREPROCESSOR_DEFINITIONS = (
					"DEBUG=1",
					"$(inherited)",
				);
				GCC_WARN_64_TO_32_BIT_CONVERSION = YES;
				GCC_WARN_ABOUT_RETURN_TYPE = YES_ERROR;
				GCC_WARN_UNDECLARED_SELECTOR = YES;
				GCC_WARN_UNINITIALIZED_AUTOS = YES_AGGRESSIVE;
				GCC_WARN_UNUSED_FUNCTION = YES;
				GCC_WARN_UNUSED_VARIABLE = YES;
				INFOPLIST_FILE = "";
				"INFOPLIST_FILE[sdk=*]" = Info.plist;
				LOCALIZATION_PREFERS_STRING_CATALOGS = YES;
				MACOSX_DEPLOYMENT_TARGET = 15.0;
				MTL_ENABLE_DEBUG_INFO = INCLUDE_SOURCE;
				MTL_FAST_MATH = YES;
				ONLY_ACTIVE_ARCH = YES;
				SDKROOT = macosx;
				SWIFT_ACTIVE_COMPILATION_CONDITIONS = "DEBUG $(inherited)";
				SWIFT_EMIT_LOC_STRINGS = YES;
				SWIFT_OPTIMIZATION_LEVEL = "-Onone";
			};
			name = Debug;
		};
		F6F3BEDD2CE1E7BB0036ADB9 /* Release */ = {
			isa = XCBuildConfiguration;
			buildSettings = {
				ALWAYS_SEARCH_USER_PATHS = NO;
				ASSETCATALOG_COMPILER_GENERATE_SWIFT_ASSET_SYMBOL_EXTENSIONS = YES;
				CLANG_ANALYZER_NONNULL = YES;
				CLANG_ANALYZER_NUMBER_OBJECT_CONVERSION = YES_AGGRESSIVE;
				CLANG_CXX_LANGUAGE_STANDARD = "gnu++20";
				CLANG_ENABLE_MODULES = YES;
				CLANG_ENABLE_OBJC_ARC = YES;
				CLANG_ENABLE_OBJC_WEAK = YES;
				CLANG_WARN_BLOCK_CAPTURE_AUTORELEASING = YES;
				CLANG_WARN_BOOL_CONVERSION = YES;
				CLANG_WARN_COMMA = YES;
				CLANG_WARN_CONSTANT_CONVERSION = YES;
				CLANG_WARN_DEPRECATED_OBJC_IMPLEMENTATIONS = YES;
				CLANG_WARN_DIRECT_OBJC_ISA_USAGE = YES_ERROR;
				CLANG_WARN_DOCUMENTATION_COMMENTS = YES;
				CLANG_WARN_EMPTY_BODY = YES;
				CLANG_WARN_ENUM_CONVERSION = YES;
				CLANG_WARN_INFINITE_RECURSION = YES;
				CLANG_WARN_INT_CONVERSION = YES;
				CLANG_WARN_NON_LITERAL_NULL_CONVERSION = YES;
				CLANG_WARN_OBJC_IMPLICIT_RETAIN_SELF = YES;
				CLANG_WARN_OBJC_LITERAL_CONVERSION = YES;
				CLANG_WARN_OBJC_ROOT_CLASS = YES_ERROR;
				CLANG_WARN_QUOTED_INCLUDE_IN_FRAMEWORK_HEADER = YES;
				CLANG_WARN_RANGE_LOOP_ANALYSIS = YES;
				CLANG_WARN_STRICT_PROTOTYPES = YES;
				CLANG_WARN_SUSPICIOUS_MOVE = YES;
				CLANG_WARN_UNGUARDED_AVAILABILITY = YES_AGGRESSIVE;
				CLANG_WARN_UNREACHABLE_CODE = YES;
				CLANG_WARN__DUPLICATE_METHOD_MATCH = YES;
				COPY_PHASE_STRIP = NO;
				DEBUG_INFORMATION_FORMAT = "dwarf-with-dsym";
				ENABLE_NS_ASSERTIONS = NO;
				ENABLE_STRICT_OBJC_MSGSEND = YES;
				ENABLE_USER_SCRIPT_SANDBOXING = YES;
				GCC_C_LANGUAGE_STANDARD = gnu17;
				GCC_NO_COMMON_BLOCKS = YES;
				GCC_WARN_64_TO_32_BIT_CONVERSION = YES;
				GCC_WARN_ABOUT_RETURN_TYPE = YES_ERROR;
				GCC_WARN_UNDECLARED_SELECTOR = YES;
				GCC_WARN_UNINITIALIZED_AUTOS = YES_AGGRESSIVE;
				GCC_WARN_UNUSED_FUNCTION = YES;
				GCC_WARN_UNUSED_VARIABLE = YES;
				INFOPLIST_FILE = "";
				LOCALIZATION_PREFERS_STRING_CATALOGS = YES;
				MACOSX_DEPLOYMENT_TARGET = 15.0;
				MTL_ENABLE_DEBUG_INFO = NO;
				MTL_FAST_MATH = YES;
				ONLY_ACTIVE_ARCH = NO;
				SDKROOT = macosx;
				SWIFT_COMPILATION_MODE = wholemodule;
				SWIFT_EMIT_LOC_STRINGS = YES;
			};
			name = Release;
		};
		F6F3BEDF2CE1E7BB0036ADB9 /* Debug */ = {
			isa = XCBuildConfiguration;
			buildSettings = {
				ASSETCATALOG_COMPILER_APPICON_NAME = AppIcon;
				ASSETCATALOG_COMPILER_GLOBAL_ACCENT_COLOR_NAME = AccentColor;
				ASSETCATALOG_COMPILER_INCLUDE_ALL_APPICON_ASSETS = NO;
				CODE_SIGN_ENTITLEMENTS = SupportCompanion/SupportCompanion.entitlements;
				CODE_SIGN_IDENTITY = "Apple Development";
				"CODE_SIGN_IDENTITY[sdk=macosx*]" = "Developer ID Application";
				CODE_SIGN_STYLE = Manual;
				COMBINE_HIDPI_IMAGES = YES;
				CURRENT_PROJECT_VERSION = 1.0;
				DEVELOPMENT_ASSET_PATHS = "\"SupportCompanion/Preview Content\"";
				DEVELOPMENT_TEAM = "";
				"DEVELOPMENT_TEAM[sdk=macosx*]" = H92SB6Z7S4;
				ENABLE_PREVIEWS = YES;
				GENERATE_INFOPLIST_FILE = YES;
				INFOPLIST_FILE = "$(SRCROOT)/SupportCompanion/Info.plist";
				INFOPLIST_KEY_LSUIElement = YES;
				INFOPLIST_KEY_NSHumanReadableCopyright = "";
				INFOPLIST_KEY_NSMainNibFile = MainMenu;
				INFOPLIST_KEY_NSPrincipalClass = NSApplication;
				LD_RUNPATH_SEARCH_PATHS = (
					"$(inherited)",
					"@executable_path/../Frameworks",
				);
				MACOSX_DEPLOYMENT_TARGET = 14.0;
				MARKETING_VERSION = 1.0;
				PRODUCT_BUNDLE_IDENTIFIER = com.github.macadmins.SupportCompanion;
				PRODUCT_NAME = "$(TARGET_NAME)";
				PROVISIONING_PROFILE_SPECIFIER = "";
				SWIFT_EMIT_LOC_STRINGS = YES;
				SWIFT_VERSION = 5.0;
				TEAM_ID = H92SB6Z7S4;
			};
			name = Debug;
		};
		F6F3BEE02CE1E7BB0036ADB9 /* Release */ = {
			isa = XCBuildConfiguration;
			buildSettings = {
				ASSETCATALOG_COMPILER_APPICON_NAME = AppIcon;
				ASSETCATALOG_COMPILER_GLOBAL_ACCENT_COLOR_NAME = AccentColor;
				ASSETCATALOG_COMPILER_INCLUDE_ALL_APPICON_ASSETS = NO;
				CODE_SIGN_ENTITLEMENTS = SupportCompanion/SupportCompanion.entitlements;
				CODE_SIGN_IDENTITY = "Apple Development";
				"CODE_SIGN_IDENTITY[sdk=macosx*]" = "Developer ID Application";
				CODE_SIGN_STYLE = Manual;
				COMBINE_HIDPI_IMAGES = YES;
				CURRENT_PROJECT_VERSION = 1.0;
				DEVELOPMENT_ASSET_PATHS = "\"SupportCompanion/Preview Content\"";
				DEVELOPMENT_TEAM = "";
				"DEVELOPMENT_TEAM[sdk=macosx*]" = H92SB6Z7S4;
				ENABLE_PREVIEWS = YES;
				GENERATE_INFOPLIST_FILE = YES;
				INFOPLIST_FILE = "$(SRCROOT)/SupportCompanion/Info.plist";
				INFOPLIST_KEY_LSUIElement = YES;
				INFOPLIST_KEY_NSHumanReadableCopyright = "";
				INFOPLIST_KEY_NSMainNibFile = MainMenu;
				INFOPLIST_KEY_NSPrincipalClass = NSApplication;
				LD_RUNPATH_SEARCH_PATHS = (
					"$(inherited)",
					"@executable_path/../Frameworks",
				);
				MACOSX_DEPLOYMENT_TARGET = 14.0;
				MARKETING_VERSION = 1.0;
				PRODUCT_BUNDLE_IDENTIFIER = com.github.macadmins.SupportCompanion;
				PRODUCT_NAME = "$(TARGET_NAME)";
				PROVISIONING_PROFILE_SPECIFIER = "";
				SWIFT_EMIT_LOC_STRINGS = YES;
				SWIFT_VERSION = 5.0;
				TEAM_ID = T4SK8ZXCXG;
			};
			name = Release;
		};
		F6F8AE822CE345A8009B0A1F /* Debug */ = {
			isa = XCBuildConfiguration;
			buildSettings = {
				CODE_SIGN_ENTITLEMENTS = Helper/Helper.entitlements;
				CODE_SIGN_IDENTITY = "Apple Development";
				"CODE_SIGN_IDENTITY[sdk=macosx*]" = "Developer ID Application";
				CODE_SIGN_STYLE = Manual;
				DEVELOPMENT_TEAM = "";
				"DEVELOPMENT_TEAM[sdk=macosx*]" = H92SB6Z7S4;
				ENABLE_HARDENED_RUNTIME = YES;
				INFOPLIST_FILE = "$(SRCROOT)/Helper/Info.plist";
				MACOSX_DEPLOYMENT_TARGET = 14.0;
				OTHER_LDFLAGS = (
					"-sectcreate",
					__TEXT,
					__info_plist,
					"\"$(SRCROOT)/Helper/Info.plist\"",
					"-sectcreate",
					__TEXT,
					__launchd_plist,
					"\"$(SRCROOT)/Helper/Launchd.plist",
				);
				PRODUCT_BUNDLE_IDENTIFIER = com.github.macadmins.SupportCompanion.helper;
				PRODUCT_NAME = "$(TARGET_NAME)";
				PROVISIONING_PROFILE_SPECIFIER = "";
				SWIFT_VERSION = 5.0;
				TEAM_ID = H92SB6Z7S4;
			};
			name = Debug;
		};
		F6F8AE832CE345A8009B0A1F /* Release */ = {
			isa = XCBuildConfiguration;
			buildSettings = {
				CODE_SIGN_ENTITLEMENTS = Helper/Helper.entitlements;
				CODE_SIGN_IDENTITY = "Apple Development";
				"CODE_SIGN_IDENTITY[sdk=macosx*]" = "Developer ID Application";
				CODE_SIGN_STYLE = Manual;
				DEVELOPMENT_TEAM = "";
				"DEVELOPMENT_TEAM[sdk=macosx*]" = H92SB6Z7S4;
				ENABLE_HARDENED_RUNTIME = YES;
				INFOPLIST_FILE = "$(SRCROOT)/Helper/Info.plist";
				MACOSX_DEPLOYMENT_TARGET = 14.0;
				OTHER_LDFLAGS = (
					"-sectcreate",
					__TEXT,
					__info_plist,
					"\"$(SRCROOT)/Helper/Info.plist\"",
					"-sectcreate",
					__TEXT,
					__launchd_plist,
					"\"$(SRCROOT)/Helper/Launchd.plist",
				);
				PRODUCT_BUNDLE_IDENTIFIER = com.github.macadmins.SupportCompanion.helper;
				PRODUCT_NAME = "$(TARGET_NAME)";
				PROVISIONING_PROFILE_SPECIFIER = "";
				SWIFT_VERSION = 5.0;
				TEAM_ID = T4SK8ZXCXG;
			};
			name = Release;
		};
/* End XCBuildConfiguration section */

/* Begin XCConfigurationList section */
		F6890EE62CFF308F00244985 /* Build configuration list for PBXNativeTarget "SupportCompanionCLI" */ = {
			isa = XCConfigurationList;
			buildConfigurations = (
				F6890EE72CFF308F00244985 /* Debug */,
				F6890EE82CFF308F00244985 /* Release */,
			);
			defaultConfigurationIsVisible = 0;
			defaultConfigurationName = Release;
		};
		F6F3BEB42CE1E7BA0036ADB9 /* Build configuration list for PBXProject "SupportCompanion" */ = {
			isa = XCConfigurationList;
			buildConfigurations = (
				F6F3BEDC2CE1E7BB0036ADB9 /* Debug */,
				F6F3BEDD2CE1E7BB0036ADB9 /* Release */,
			);
			defaultConfigurationIsVisible = 0;
			defaultConfigurationName = Release;
		};
		F6F3BEDE2CE1E7BB0036ADB9 /* Build configuration list for PBXNativeTarget "SupportCompanion" */ = {
			isa = XCConfigurationList;
			buildConfigurations = (
				F6F3BEDF2CE1E7BB0036ADB9 /* Debug */,
				F6F3BEE02CE1E7BB0036ADB9 /* Release */,
			);
			defaultConfigurationIsVisible = 0;
			defaultConfigurationName = Release;
		};
		F6F8AE812CE345A8009B0A1F /* Build configuration list for PBXNativeTarget "com.github.macadmins.SupportCompanion.helper" */ = {
			isa = XCConfigurationList;
			buildConfigurations = (
				F6F8AE822CE345A8009B0A1F /* Debug */,
				F6F8AE832CE345A8009B0A1F /* Release */,
			);
			defaultConfigurationIsVisible = 0;
			defaultConfigurationName = Release;
		};
/* End XCConfigurationList section */

/* Begin XCRemoteSwiftPackageReference section */
		F60FAB722CE8D40A00ECAC53 /* XCRemoteSwiftPackageReference "AlertToast" */ = {
			isa = XCRemoteSwiftPackageReference;
			repositoryURL = "https://github.com/elai950/AlertToast.git";
			requirement = {
				branch = master;
				kind = branch;
			};
		};
/* End XCRemoteSwiftPackageReference section */

/* Begin XCSwiftPackageProductDependency section */
		F60FAB732CE8D40A00ECAC53 /* AlertToast */ = {
			isa = XCSwiftPackageProductDependency;
			package = F60FAB722CE8D40A00ECAC53 /* XCRemoteSwiftPackageReference "AlertToast" */;
			productName = AlertToast;
		};
/* End XCSwiftPackageProductDependency section */
	};
	rootObject = F6F3BEB12CE1E7BA0036ADB9 /* Project object */;
}
